<?xml version="1.0" encoding="utf-8"?>
<Project ToolsVersion="4.0" xmlns="http://schemas.microsoft.com/developer/msbuild/2003">
  <ItemGroup>
    <Filter Include="ソース ファイル">
      <UniqueIdentifier>{4FC737F1-C7A5-4376-A066-2A32D752A2FF}</UniqueIdentifier>
      <Extensions>cpp;c;cc;cxx;def;odl;idl;hpj;bat;asm;asmx</Extensions>
    </Filter>
    <Filter Include="リソース ファイル">
      <UniqueIdentifier>{67DA6AB6-F800-4c08-8B7A-83BB121AAD01}</UniqueIdentifier>
      <Extensions>rc;ico;cur;bmp;dlg;rc2;rct;bin;rgs;gif;jpg;jpeg;jpe;resx;tiff;tif;png;wav;mfcribbon-ms</Extensions>
    </Filter>
    <Filter Include="ソース ファイル\main">
      <UniqueIdentifier>{9263fcaa-b6d5-4edc-b159-4950721301e0}</UniqueIdentifier>
    </Filter>
    <Filter Include="ソース ファイル\scene">
      <UniqueIdentifier>{c0e1e780-4a0f-4896-92db-b12a9c383a7e}</UniqueIdentifier>
    </Filter>
    <Filter Include="ソース ファイル\common">
      <UniqueIdentifier>{8fed913e-f994-44c7-8063-17d5933e07d5}</UniqueIdentifier>
    </Filter>
    <Filter Include="ソース ファイル\common\fps">
      <UniqueIdentifier>{44ab8928-8997-4bf2-8fe2-63dfd68c1f16}</UniqueIdentifier>
    </Filter>
    <Filter Include="ソース ファイル\common\define">
      <UniqueIdentifier>{a18aa580-c982-40da-a95c-a60c4aa7deca}</UniqueIdentifier>
    </Filter>
    <Filter Include="ソース ファイル\common\Error">
      <UniqueIdentifier>{fe355d44-87c1-46ff-936e-58bbb6f048c3}</UniqueIdentifier>
    </Filter>
    <Filter Include="ソース ファイル\common\commonAbstract">
      <UniqueIdentifier>{36daaaf9-7808-4786-85eb-55ed33fa049c}</UniqueIdentifier>
    </Filter>
    <Filter Include="ソース ファイル\utils">
      <UniqueIdentifier>{88e0f54f-ad32-42ef-8271-60ada0de2101}</UniqueIdentifier>
    </Filter>
    <Filter Include="ソース ファイル\GameScenes">
      <UniqueIdentifier>{d754f5e8-813c-481b-80d3-b451d7bb2d10}</UniqueIdentifier>
    </Filter>
    <Filter Include="ソース ファイル\singleton">
      <UniqueIdentifier>{656278c3-5870-455f-9c4a-ac237fab764b}</UniqueIdentifier>
    </Filter>
    <Filter Include="ソース ファイル\singleton\input">
      <UniqueIdentifier>{d8c8c03a-4edf-47ea-ad48-471d8b1b661c}</UniqueIdentifier>
    </Filter>
    <Filter Include="ソース ファイル\singleton\resource">
      <UniqueIdentifier>{7eaf0df5-5397-486d-90c7-b14c304a042c}</UniqueIdentifier>
    </Filter>
    <Filter Include="ソース ファイル\singleton\effect">
      <UniqueIdentifier>{fc942cd5-e813-4605-a501-0d21fe675788}</UniqueIdentifier>
    </Filter>
    <Filter Include="ソース ファイル\GameScenes\BattleBoardScene">
      <UniqueIdentifier>{006a67cf-d750-4e14-ae24-d266299ce870}</UniqueIdentifier>
    </Filter>
    <Filter Include="ソース ファイル\GameScenes\BattleBoardScene\judge">
      <UniqueIdentifier>{d513c583-80c8-44ff-9220-e7f508b167ef}</UniqueIdentifier>
    </Filter>
    <Filter Include="ソース ファイル\GameScenes\BattleBoardScene\object">
      <UniqueIdentifier>{b0fea6e3-1b1b-4146-afd9-db19a5bcf682}</UniqueIdentifier>
    </Filter>
    <Filter Include="ソース ファイル\common\vector2">
      <UniqueIdentifier>{a873fefc-3c16-4b7e-a8a7-8dce84d12c0e}</UniqueIdentifier>
    </Filter>
    <Filter Include="ソース ファイル\GameScenes\BattleBoardScene\CQuadTree">
      <UniqueIdentifier>{ab8dc7c5-8bd4-4f1e-a0a4-3050cc4b1912}</UniqueIdentifier>
    </Filter>
    <Filter Include="ソース ファイル\GameScenes\ModeSelectScene">
      <UniqueIdentifier>{589505ee-345e-4f0c-8c62-186c036820f0}</UniqueIdentifier>
    </Filter>
    <Filter Include="ソース ファイル\GameScenes\TutorialModeSelectScene">
      <UniqueIdentifier>{66262079-728c-4c91-9e98-c96b6179ea4b}</UniqueIdentifier>
    </Filter>
    <Filter Include="ソース ファイル\GameScenes\CampaignMenuScene">
      <UniqueIdentifier>{29bd286e-6823-48ab-b264-5ce97b9ed1ab}</UniqueIdentifier>
    </Filter>
    <Filter Include="ソース ファイル\GameScenes\MotherBoardSelectScene">
      <UniqueIdentifier>{c78c69ae-640e-4d17-adbd-96cba5e50813}</UniqueIdentifier>
    </Filter>
    <Filter Include="ソース ファイル\GameScenes\EnemySelectScene">
      <UniqueIdentifier>{a0815119-bc07-4414-b3bf-ea438cea86a0}</UniqueIdentifier>
    </Filter>
    <Filter Include="ソース ファイル\GameScenes\TItleScene">
      <UniqueIdentifier>{d70d412c-6b5c-4ccb-839b-1e491c3d2aa2}</UniqueIdentifier>
    </Filter>
    <Filter Include="ソース ファイル\common\UI">
      <UniqueIdentifier>{e230bb88-f8fe-4a57-aa2e-664191dd5b56}</UniqueIdentifier>
    </Filter>
  </ItemGroup>
  <ItemGroup>
    <ClCompile Include="source\main.cpp">
      <Filter>ソース ファイル\main</Filter>
    </ClCompile>
    <ClCompile Include="source\SystemMain.cpp">
      <Filter>ソース ファイル\main</Filter>
    </ClCompile>
    <ClCompile Include="source\SceneManager.cpp">
      <Filter>ソース ファイル\main</Filter>
    </ClCompile>
    <ClCompile Include="source\Define.cpp">
      <Filter>ソース ファイル\common\define</Filter>
    </ClCompile>
    <ClCompile Include="source\AbstractScene.cpp">
      <Filter>ソース ファイル\scene</Filter>
    </ClCompile>
    <ClCompile Include="source\Parameter.cpp">
      <Filter>ソース ファイル\scene</Filter>
    </ClCompile>
    <ClCompile Include="source\Keyboard.cpp">
      <Filter>ソース ファイル\singleton\input</Filter>
    </ClCompile>
    <ClCompile Include="source\Pad.cpp">
      <Filter>ソース ファイル\singleton\input</Filter>
    </ClCompile>
    <ClCompile Include="source\Fps.cpp">
      <Filter>ソース ファイル\common\fps</Filter>
    </ClCompile>
    <ClCompile Include="source\CalcUtils.cpp">
      <Filter>ソース ファイル\utils</Filter>
    </ClCompile>
    <ClCompile Include="source\SampleScene1.cpp">
      <Filter>ソース ファイル\GameScenes</Filter>
    </ClCompile>
    <ClCompile Include="source\SampleScene2.cpp">
      <Filter>ソース ファイル\GameScenes</Filter>
    </ClCompile>
    <ClCompile Include="source\Error.cpp">
      <Filter>ソース ファイル\common\Error</Filter>
    </ClCompile>
    <ClCompile Include="source\Sound.cpp">
      <Filter>ソース ファイル\singleton\resource</Filter>
    </ClCompile>
    <ClCompile Include="source\Graphics.cpp">
      <Filter>ソース ファイル\singleton\resource</Filter>
    </ClCompile>
    <ClCompile Include="source\DummyScene.cpp">
      <Filter>ソース ファイル\GameScenes</Filter>
    </ClCompile>
    <ClCompile Include="source\EachEffect.cpp">
      <Filter>ソース ファイル\singleton\effect</Filter>
    </ClCompile>
    <ClCompile Include="source\GameEffect.cpp">
      <Filter>ソース ファイル\singleton\effect</Filter>
    </ClCompile>
    <ClCompile Include="source\GameEffectUnit.cpp">
      <Filter>ソース ファイル\singleton\effect</Filter>
    </ClCompile>
    <ClCompile Include="source\BattleBoardScene.cpp">
      <Filter>ソース ファイル\GameScenes\BattleBoardScene</Filter>
    </ClCompile>
    <ClCompile Include="source\BattleBoardManager.cpp">
      <Filter>ソース ファイル\GameScenes\BattleBoardScene</Filter>
    </ClCompile>
    <ClCompile Include="source\BoardObject.cpp">
      <Filter>ソース ファイル\GameScenes\BattleBoardScene\object</Filter>
    </ClCompile>
    <ClCompile Include="source\Vector2.cpp">
      <Filter>ソース ファイル\common\vector2</Filter>
    </ClCompile>
    <ClCompile Include="source\CQuadTree.cpp">
      <Filter>ソース ファイル\GameScenes\BattleBoardScene\CQuadTree</Filter>
    </ClCompile>
    <ClCompile Include="source\BitUtils.cpp">
      <Filter>ソース ファイル\utils</Filter>
    </ClCompile>
    <ClCompile Include="source\CQuadTreeManager.cpp">
      <Filter>ソース ファイル\GameScenes\BattleBoardScene\CQuadTree</Filter>
    </ClCompile>
    <ClCompile Include="source\Mouse.cpp">
      <Filter>ソース ファイル\singleton\input</Filter>
    </ClCompile>
    <ClCompile Include="source\TextHandle.cpp">
      <Filter>ソース ファイル\singleton\resource</Filter>
    </ClCompile>
    <ClCompile Include="source\Button.cpp">
      <Filter>ソース ファイル\common\UI</Filter>
    </ClCompile>
    <ClCompile Include="source\ButtonDrawer.cpp">
      <Filter>ソース ファイル\common\UI</Filter>
    </ClCompile>
    <ClCompile Include="source\Window.cpp">
      <Filter>ソース ファイル\common\UI</Filter>
    </ClCompile>
    <ClCompile Include="source\ModeSelectScene.cpp">
      <Filter>ソース ファイル\GameScenes\ModeSelectScene</Filter>
    </ClCompile>
    <ClCompile Include="source\CampaignMenuScene.cpp">
      <Filter>ソース ファイル\GameScenes\CampaignMenuScene</Filter>
    </ClCompile>
    <ClCompile Include="source\MotherBoardSelectScene.cpp">
      <Filter>ソース ファイル\GameScenes\MotherBoardSelectScene</Filter>
    </ClCompile>
    <ClCompile Include="source\EnemySelectScene.cpp">
      <Filter>ソース ファイル\GameScenes\EnemySelectScene</Filter>
    </ClCompile>
    <ClCompile Include="source\TutorialModeSelectScene.cpp">
      <Filter>ソース ファイル\GameScenes\TutorialModeSelectScene</Filter>
    </ClCompile>
    <ClCompile Include="source\TItleScene.cpp">
      <Filter>ソース ファイル\GameScenes\TItleScene</Filter>
    </ClCompile>
    <ClCompile Include="source\LightningBackground.cpp">
      <Filter>ソース ファイル\GameScenes\EnemySelectScene</Filter>
    </ClCompile>
  </ItemGroup>
  <ItemGroup>
    <ClInclude Include="source\SystemMain.h">
      <Filter>ソース ファイル\main</Filter>
    </ClInclude>
    <ClInclude Include="source\SceneManager.h">
      <Filter>ソース ファイル\main</Filter>
    </ClInclude>
    <ClInclude Include="source\Singleton.h">
      <Filter>ソース ファイル\common\commonAbstract</Filter>
    </ClInclude>
    <ClInclude Include="source\Task.h">
      <Filter>ソース ファイル\common\commonAbstract</Filter>
    </ClInclude>
    <ClInclude Include="source\Define.h">
      <Filter>ソース ファイル\common\define</Filter>
    </ClInclude>
    <ClInclude Include="source\AbstractScene.h">
      <Filter>ソース ファイル\scene</Filter>
    </ClInclude>
    <ClInclude Include="source\EnumScene.h">
      <Filter>ソース ファイル\scene</Filter>
    </ClInclude>
    <ClInclude Include="source\Parameter.h">
      <Filter>ソース ファイル\scene</Filter>
    </ClInclude>
    <ClInclude Include="source\SceneChanger.h">
      <Filter>ソース ファイル\scene</Filter>
    </ClInclude>
    <ClInclude Include="source\Keyboard.h">
      <Filter>ソース ファイル\singleton\input</Filter>
    </ClInclude>
    <ClInclude Include="source\Pad.h">
      <Filter>ソース ファイル\singleton\input</Filter>
    </ClInclude>
    <ClInclude Include="source\Fps.h">
      <Filter>ソース ファイル\common\fps</Filter>
    </ClInclude>
    <ClInclude Include="source\CalcUtils.h">
      <Filter>ソース ファイル\utils</Filter>
    </ClInclude>
    <ClInclude Include="source\SampleScene1.h">
      <Filter>ソース ファイル\GameScenes</Filter>
    </ClInclude>
    <ClInclude Include="source\SampleScene2.h">
      <Filter>ソース ファイル\GameScenes</Filter>
    </ClInclude>
    <ClInclude Include="source\Error.h">
      <Filter>ソース ファイル\common\Error</Filter>
    </ClInclude>
    <ClInclude Include="source\Macro.h">
      <Filter>ソース ファイル\common\Error</Filter>
    </ClInclude>
    <ClInclude Include="source\Sound.h">
      <Filter>ソース ファイル\singleton\resource</Filter>
    </ClInclude>
    <ClInclude Include="source\Graphics.h">
      <Filter>ソース ファイル\singleton\resource</Filter>
    </ClInclude>
    <ClInclude Include="source\DummyScene.h">
      <Filter>ソース ファイル\GameScenes</Filter>
    </ClInclude>
    <ClInclude Include="source\EachEffect.h">
      <Filter>ソース ファイル\singleton\effect</Filter>
    </ClInclude>
    <ClInclude Include="source\GameEffect.h">
      <Filter>ソース ファイル\singleton\effect</Filter>
    </ClInclude>
    <ClInclude Include="source\GameEffectUnit.h">
      <Filter>ソース ファイル\singleton\effect</Filter>
    </ClInclude>
    <ClInclude Include="source\BattleBoardScene.h">
      <Filter>ソース ファイル\GameScenes\BattleBoardScene</Filter>
    </ClInclude>
    <ClInclude Include="source\BattleBoardManager.h">
      <Filter>ソース ファイル\GameScenes\BattleBoardScene</Filter>
    </ClInclude>
    <ClInclude Include="source\BoardObject.h">
      <Filter>ソース ファイル\GameScenes\BattleBoardScene\object</Filter>
    </ClInclude>
    <ClInclude Include="source\Vector2.h">
      <Filter>ソース ファイル\common\vector2</Filter>
    </ClInclude>
    <ClInclude Include="source\ObjectCallBackListener.h">
      <Filter>ソース ファイル\GameScenes\BattleBoardScene</Filter>
    </ClInclude>
    <ClInclude Include="source\CQuadTree.h">
      <Filter>ソース ファイル\GameScenes\BattleBoardScene\CQuadTree</Filter>
    </ClInclude>
    <ClInclude Include="source\BitUtils.h">
      <Filter>ソース ファイル\utils</Filter>
    </ClInclude>
    <ClInclude Include="source\CQuadTreeManager.h">
      <Filter>ソース ファイル\GameScenes\BattleBoardScene\CQuadTree</Filter>
    </ClInclude>
    <ClInclude Include="source\Mouse.h">
      <Filter>ソース ファイル\singleton\input</Filter>
    </ClInclude>
    <ClInclude Include="source\TextHandle.h">
      <Filter>ソース ファイル\singleton\resource</Filter>
    </ClInclude>
    <ClInclude Include="source\ModeSelectScene.h">
      <Filter>ソース ファイル\GameScenes\ModeSelectScene</Filter>
    </ClInclude>
    <ClInclude Include="source\CampaignMenuScene.h">
      <Filter>ソース ファイル\GameScenes\CampaignMenuScene</Filter>
    </ClInclude>
    <ClInclude Include="source\MotherBoardSelectScene.h">
      <Filter>ソース ファイル\GameScenes\MotherBoardSelectScene</Filter>
    </ClInclude>
    <ClInclude Include="source\EnemySelectScene.h">
      <Filter>ソース ファイル\GameScenes\EnemySelectScene</Filter>
    </ClInclude>
    <ClInclude Include="source\TutorialModeSelectScene.h">
      <Filter>ソース ファイル\GameScenes\TutorialModeSelectScene</Filter>
    </ClInclude>
    <ClInclude Include="source\TItleScene.h">
      <Filter>ソース ファイル\GameScenes\TItleScene</Filter>
    </ClInclude>
    <ClInclude Include="source\Button.h">
      <Filter>ソース ファイル\common\UI</Filter>
    </ClInclude>
    <ClInclude Include="source\ButtonDrawer.h">
      <Filter>ソース ファイル\common\UI</Filter>
    </ClInclude>
    <ClInclude Include="source\UIInterface.h">
      <Filter>ソース ファイル\common\UI</Filter>
    </ClInclude>
    <ClInclude Include="source\Window.h">
      <Filter>ソース ファイル\common\UI</Filter>
    </ClInclude>
    <ClInclude Include="source\eButtonState.h">
      <Filter>ソース ファイル\common\UI</Filter>
    </ClInclude>
    <ClInclude Include="source\LightningBackground.h">
      <Filter>ソース ファイル\GameScenes\EnemySelectScene</Filter>
    </ClInclude>
  </ItemGroup>
</Project>